
Microsoft Visual Studio Solution File, Format Version 12.00
# Visual Studio 14
VisualStudioVersion = 14.0.25420.1
MinimumVisualStudioVersion = 10.0.40219.1
Project("{FAE04EC0-301F-11D3-BF4B-00C04F79EFBC}") = "CoolBreeze", "CoolBreeze\CoolBreeze\CoolBreeze.csproj", "{42C81CCA-86DC-4CAD-8859-256E5D356B99}"
EndProject
Project("{FAE04EC0-301F-11D3-BF4B-00C04F79EFBC}") = "CoolBreeze.Droid", "CoolBreeze\CoolBreeze.Droid\CoolBreeze.Droid.csproj", "{5AB2C57C-38A0-40C5-9F38-3524EE9CD383}"
EndProject
Project("{FAE04EC0-301F-11D3-BF4B-00C04F79EFBC}") = "CoolBreeze.iOS", "CoolBreeze\CoolBreeze.iOS\CoolBreeze.iOS.csproj", "{7A03CB64-316F-48E1-8301-359CDE4CAAA4}"
EndProject
Project("{FAE04EC0-301F-11D3-BF4B-00C04F79EFBC}") = "CoolBreeze.WinPhone", "CoolBreeze\CoolBreeze.WinPhone\CoolBreeze.WinPhone.csproj", "{694C8891-F6E1-440C-9075-66D9BA686B3D}"
EndProject
Project("{FAE04EC0-301F-11D3-BF4B-00C04F79EFBC}") = "CoolBreeze.Windows", "CoolBreeze\CoolBreeze.Windows\CoolBreeze.Windows.csproj", "{5FCE0F9D-5AC4-4A78-B55F-FD2724F5A356}"
EndProject
Global
	GlobalSection(SolutionConfigurationPlatforms) = preSolution
		Ad-Hoc|Any CPU = Ad-Hoc|Any CPU
		Ad-Hoc|ARM = Ad-Hoc|ARM
		Ad-Hoc|iPhone = Ad-Hoc|iPhone
		Ad-Hoc|iPhoneSimulator = Ad-Hoc|iPhoneSimulator
		Ad-Hoc|x64 = Ad-Hoc|x64
		Ad-Hoc|x86 = Ad-Hoc|x86
		AppStore|Any CPU = AppStore|Any CPU
		AppStore|ARM = AppStore|ARM
		AppStore|iPhone = AppStore|iPhone
		AppStore|iPhoneSimulator = AppStore|iPhoneSimulator
		AppStore|x64 = AppStore|x64
		AppStore|x86 = AppStore|x86
		Debug|Any CPU = Debug|Any CPU
		Debug|ARM = Debug|ARM
		Debug|iPhone = Debug|iPhone
		Debug|iPhoneSimulator = Debug|iPhoneSimulator
		Debug|x64 = Debug|x64
		Debug|x86 = Debug|x86
		Release|Any CPU = Release|Any CPU
		Release|ARM = Release|ARM
		Release|iPhone = Release|iPhone
		Release|iPhoneSimulator = Release|iPhoneSimulator
		Release|x64 = Release|x64
		Release|x86 = Release|x86
	EndGlobalSection
	GlobalSection(ProjectConfigurationPlatforms) = postSolution
		{42C81CCA-86DC-4CAD-8859-256E5D356B99}.Ad-Hoc|Any CPU.ActiveCfg = Release|Any CPU
		{42C81CCA-86DC-4CAD-8859-256E5D356B99}.Ad-Hoc|Any CPU.Build.0 = Release|Any CPU
		{42C81CCA-86DC-4CAD-8859-256E5D356B99}.Ad-Hoc|ARM.ActiveCfg = Release|Any CPU
		{42C81CCA-86DC-4CAD-8859-256E5D356B99}.Ad-Hoc|ARM.Build.0 = Release|Any CPU
		{42C81CCA-86DC-4CAD-8859-256E5D356B99}.Ad-Hoc|iPhone.ActiveCfg = Release|Any CPU
		{42C81CCA-86DC-4CAD-8859-256E5D356B99}.Ad-Hoc|iPhone.Build.0 = Release|Any CPU
		{42C81CCA-86DC-4CAD-8859-256E5D356B99}.Ad-Hoc|iPhoneSimulator.ActiveCfg = Release|Any CPU
		{42C81CCA-86DC-4CAD-8859-256E5D356B99}.Ad-Hoc|iPhoneSimulator.Build.0 = Release|Any CPU
		{42C81CCA-86DC-4CAD-8859-256E5D356B99}.Ad-Hoc|x64.ActiveCfg = Release|Any CPU
		{42C81CCA-86DC-4CAD-8859-256E5D356B99}.Ad-Hoc|x64.Build.0 = Release|Any CPU
		{42C81CCA-86DC-4CAD-8859-256E5D356B99}.Ad-Hoc|x86.ActiveCfg = Release|Any CPU
		{42C81CCA-86DC-4CAD-8859-256E5D356B99}.Ad-Hoc|x86.Build.0 = Release|Any CPU
		{42C81CCA-86DC-4CAD-8859-256E5D356B99}.AppStore|Any CPU.ActiveCfg = Release|Any CPU
		{42C81CCA-86DC-4CAD-8859-256E5D356B99}.AppStore|Any CPU.Build.0 = Release|Any CPU
		{42C81CCA-86DC-4CAD-8859-256E5D356B99}.AppStore|ARM.ActiveCfg = Release|Any CPU
		{42C81CCA-86DC-4CAD-8859-256E5D356B99}.AppStore|ARM.Build.0 = Release|Any CPU
		{42C81CCA-86DC-4CAD-8859-256E5D356B99}.AppStore|iPhone.ActiveCfg = Release|Any CPU
		{42C81CCA-86DC-4CAD-8859-256E5D356B99}.AppStore|iPhone.Build.0 = Release|Any CPU
		{42C81CCA-86DC-4CAD-8859-256E5D356B99}.AppStore|iPhoneSimulator.ActiveCfg = Release|Any CPU
		{42C81CCA-86DC-4CAD-8859-256E5D356B99}.AppStore|iPhoneSimulator.Build.0 = Release|Any CPU
		{42C81CCA-86DC-4CAD-8859-256E5D356B99}.AppStore|x64.ActiveCfg = Release|Any CPU
		{42C81CCA-86DC-4CAD-8859-256E5D356B99}.AppStore|x64.Build.0 = Release|Any CPU
		{42C81CCA-86DC-4CAD-8859-256E5D356B99}.AppStore|x86.ActiveCfg = Release|Any CPU
		{42C81CCA-86DC-4CAD-8859-256E5D356B99}.AppStore|x86.Build.0 = Release|Any CPU
		{42C81CCA-86DC-4CAD-8859-256E5D356B99}.Debug|Any CPU.ActiveCfg = Debug|Any CPU
		{42C81CCA-86DC-4CAD-8859-256E5D356B99}.Debug|Any CPU.Build.0 = Debug|Any CPU
		{42C81CCA-86DC-4CAD-8859-256E5D356B99}.Debug|ARM.ActiveCfg = Debug|Any CPU
		{42C81CCA-86DC-4CAD-8859-256E5D356B99}.Debug|ARM.Build.0 = Debug|Any CPU
		{42C81CCA-86DC-4CAD-8859-256E5D356B99}.Debug|iPhone.ActiveCfg = Debug|Any CPU
		{42C81CCA-86DC-4CAD-8859-256E5D356B99}.Debug|iPhone.Build.0 = Debug|Any CPU
		{42C81CCA-86DC-4CAD-8859-256E5D356B99}.Debug|iPhoneSimulator.ActiveCfg = Debug|Any CPU
		{42C81CCA-86DC-4CAD-8859-256E5D356B99}.Debug|iPhoneSimulator.Build.0 = Debug|Any CPU
		{42C81CCA-86DC-4CAD-8859-256E5D356B99}.Debug|x64.ActiveCfg = Debug|Any CPU
		{42C81CCA-86DC-4CAD-8859-256E5D356B99}.Debug|x64.Build.0 = Debug|Any CPU
		{42C81CCA-86DC-4CAD-8859-256E5D356B99}.Debug|x86.ActiveCfg = Debug|Any CPU
		{42C81CCA-86DC-4CAD-8859-256E5D356B99}.Debug|x86.Build.0 = Debug|Any CPU
		{42C81CCA-86DC-4CAD-8859-256E5D356B99}.Release|Any CPU.ActiveCfg = Release|Any CPU
		{42C81CCA-86DC-4CAD-8859-256E5D356B99}.Release|Any CPU.Build.0 = Release|Any CPU
		{42C81CCA-86DC-4CAD-8859-256E5D356B99}.Release|ARM.ActiveCfg = Release|Any CPU
		{42C81CCA-86DC-4CAD-8859-256E5D356B99}.Release|ARM.Build.0 = Release|Any CPU
		{42C81CCA-86DC-4CAD-8859-256E5D356B99}.Release|iPhone.ActiveCfg = Release|Any CPU
		{42C81CCA-86DC-4CAD-8859-256E5D356B99}.Release|iPhone.Build.0 = Release|Any CPU
		{42C81CCA-86DC-4CAD-8859-256E5D356B99}.Release|iPhoneSimulator.ActiveCfg = Release|Any CPU
		{42C81CCA-86DC-4CAD-8859-256E5D356B99}.Release|iPhoneSimulator.Build.0 = Release|Any CPU
		{42C81CCA-86DC-4CAD-8859-256E5D356B99}.Release|x64.ActiveCfg = Release|Any CPU
		{42C81CCA-86DC-4CAD-8859-256E5D356B99}.Release|x64.Build.0 = Release|Any CPU
		{42C81CCA-86DC-4CAD-8859-256E5D356B99}.Release|x86.ActiveCfg = Release|Any CPU
		{42C81CCA-86DC-4CAD-8859-256E5D356B99}.Release|x86.Build.0 = Release|Any CPU
		{5AB2C57C-38A0-40C5-9F38-3524EE9CD383}.Ad-Hoc|Any CPU.ActiveCfg = Release|Any CPU
		{5AB2C57C-38A0-40C5-9F38-3524EE9CD383}.Ad-Hoc|Any CPU.Build.0 = Release|Any CPU
		{5AB2C57C-38A0-40C5-9F38-3524EE9CD383}.Ad-Hoc|Any CPU.Deploy.0 = Release|Any CPU
		{5AB2C57C-38A0-40C5-9F38-3524EE9CD383}.Ad-Hoc|ARM.ActiveCfg = Release|Any CPU
		{5AB2C57C-38A0-40C5-9F38-3524EE9CD383}.Ad-Hoc|ARM.Build.0 = Release|Any CPU
		{5AB2C57C-38A0-40C5-9F38-3524EE9CD383}.Ad-Hoc|ARM.Deploy.0 = Release|Any CPU
		{5AB2C57C-38A0-40C5-9F38-3524EE9CD383}.Ad-Hoc|iPhone.ActiveCfg = Release|Any CPU
		{5AB2C57C-38A0-40C5-9F38-3524EE9CD383}.Ad-Hoc|iPhone.Build.0 = Release|Any CPU
		{5AB2C57C-38A0-40C5-9F38-3524EE9CD383}.Ad-Hoc|iPhone.Deploy.0 = Release|Any CPU
		{5AB2C57C-38A0-40C5-9F38-3524EE9CD383}.Ad-Hoc|iPhoneSimulator.ActiveCfg = Release|Any CPU
		{5AB2C57C-38A0-40C5-9F38-3524EE9CD383}.Ad-Hoc|iPhoneSimulator.Build.0 = Release|Any CPU
		{5AB2C57C-38A0-40C5-9F38-3524EE9CD383}.Ad-Hoc|iPhoneSimulator.Deploy.0 = Release|Any CPU
		{5AB2C57C-38A0-40C5-9F38-3524EE9CD383}.Ad-Hoc|x64.ActiveCfg = Release|Any CPU
		{5AB2C57C-38A0-40C5-9F38-3524EE9CD383}.Ad-Hoc|x64.Build.0 = Release|Any CPU
		{5AB2C57C-38A0-40C5-9F38-3524EE9CD383}.Ad-Hoc|x64.Deploy.0 = Release|Any CPU
		{5AB2C57C-38A0-40C5-9F38-3524EE9CD383}.Ad-Hoc|x86.ActiveCfg = Release|Any CPU
		{5AB2C57C-38A0-40C5-9F38-3524EE9CD383}.Ad-Hoc|x86.Build.0 = Release|Any CPU
		{5AB2C57C-38A0-40C5-9F38-3524EE9CD383}.Ad-Hoc|x86.Deploy.0 = Release|Any CPU
		{5AB2C57C-38A0-40C5-9F38-3524EE9CD383}.AppStore|Any CPU.ActiveCfg = Release|Any CPU
		{5AB2C57C-38A0-40C5-9F38-3524EE9CD383}.AppStore|Any CPU.Build.0 = Release|Any CPU
		{5AB2C57C-38A0-40C5-9F38-3524EE9CD383}.AppStore|Any CPU.Deploy.0 = Release|Any CPU
		{5AB2C57C-38A0-40C5-9F38-3524EE9CD383}.AppStore|ARM.ActiveCfg = Release|Any CPU
		{5AB2C57C-38A0-40C5-9F38-3524EE9CD383}.AppStore|ARM.Build.0 = Release|Any CPU
		{5AB2C57C-38A0-40C5-9F38-3524EE9CD383}.AppStore|ARM.Deploy.0 = Release|Any CPU
		{5AB2C57C-38A0-40C5-9F38-3524EE9CD383}.AppStore|iPhone.ActiveCfg = Release|Any CPU
		{5AB2C57C-38A0-40C5-9F38-3524EE9CD383}.AppStore|iPhone.Build.0 = Release|Any CPU
		{5AB2C57C-38A0-40C5-9F38-3524EE9CD383}.AppStore|iPhone.Deploy.0 = Release|Any CPU
		{5AB2C57C-38A0-40C5-9F38-3524EE9CD383}.AppStore|iPhoneSimulator.ActiveCfg = Release|Any CPU
		{5AB2C57C-38A0-40C5-9F38-3524EE9CD383}.AppStore|iPhoneSimulator.Build.0 = Release|Any CPU
		{5AB2C57C-38A0-40C5-9F38-3524EE9CD383}.AppStore|iPhoneSimulator.Deploy.0 = Release|Any CPU
		{5AB2C57C-38A0-40C5-9F38-3524EE9CD383}.AppStore|x64.ActiveCfg = Release|Any CPU
		{5AB2C57C-38A0-40C5-9F38-3524EE9CD383}.AppStore|x64.Build.0 = Release|Any CPU
		{5AB2C57C-38A0-40C5-9F38-3524EE9CD383}.AppStore|x64.Deploy.0 = Release|Any CPU
		{5AB2C57C-38A0-40C5-9F38-3524EE9CD383}.AppStore|x86.ActiveCfg = Release|Any CPU
		{5AB2C57C-38A0-40C5-9F38-3524EE9CD383}.AppStore|x86.Build.0 = Release|Any CPU
		{5AB2C57C-38A0-40C5-9F38-3524EE9CD383}.AppStore|x86.Deploy.0 = Release|Any CPU
		{5AB2C57C-38A0-40C5-9F38-3524EE9CD383}.Debug|Any CPU.ActiveCfg = Debug|Any CPU
		{5AB2C57C-38A0-40C5-9F38-3524EE9CD383}.Debug|Any CPU.Build.0 = Debug|Any CPU
		{5AB2C57C-38A0-40C5-9F38-3524EE9CD383}.Debug|Any CPU.Deploy.0 = Debug|Any CPU
		{5AB2C57C-38A0-40C5-9F38-3524EE9CD383}.Debug|ARM.ActiveCfg = Debug|Any CPU
		{5AB2C57C-38A0-40C5-9F38-3524EE9CD383}.Debug|ARM.Build.0 = Debug|Any CPU
		{5AB2C57C-38A0-40C5-9F38-3524EE9CD383}.Debug|ARM.Deploy.0 = Debug|Any CPU
		{5AB2C57C-38A0-40C5-9F38-3524EE9CD383}.Debug|iPhone.ActiveCfg = Debug|Any CPU
		{5AB2C57C-38A0-40C5-9F38-3524EE9CD383}.Debug|iPhone.Build.0 = Debug|Any CPU
		{5AB2C57C-38A0-40C5-9F38-3524EE9CD383}.Debug|iPhone.Deploy.0 = Debug|Any CPU
		{5AB2C57C-38A0-40C5-9F38-3524EE9CD383}.Debug|iPhoneSimulator.ActiveCfg = Debug|Any CPU
		{5AB2C57C-38A0-40C5-9F38-3524EE9CD383}.Debug|iPhoneSimulator.Build.0 = Debug|Any CPU
		{5AB2C57C-38A0-40C5-9F38-3524EE9CD383}.Debug|iPhoneSimulator.Deploy.0 = Debug|Any CPU
		{5AB2C57C-38A0-40C5-9F38-3524EE9CD383}.Debug|x64.ActiveCfg = Debug|Any CPU
		{5AB2C57C-38A0-40C5-9F38-3524EE9CD383}.Debug|x64.Build.0 = Debug|Any CPU
		{5AB2C57C-38A0-40C5-9F38-3524EE9CD383}.Debug|x64.Deploy.0 = Debug|Any CPU
		{5AB2C57C-38A0-40C5-9F38-3524EE9CD383}.Debug|x86.ActiveCfg = Debug|Any CPU
		{5AB2C57C-38A0-40C5-9F38-3524EE9CD383}.Debug|x86.Build.0 = Debug|Any CPU
		{5AB2C57C-38A0-40C5-9F38-3524EE9CD383}.Debug|x86.Deploy.0 = Debug|Any CPU
		{5AB2C57C-38A0-40C5-9F38-3524EE9CD383}.Release|Any CPU.ActiveCfg = Release|Any CPU
		{5AB2C57C-38A0-40C5-9F38-3524EE9CD383}.Release|Any CPU.Build.0 = Release|Any CPU
		{5AB2C57C-38A0-40C5-9F38-3524EE9CD383}.Release|Any CPU.Deploy.0 = Release|Any CPU
		{5AB2C57C-38A0-40C5-9F38-3524EE9CD383}.Release|ARM.ActiveCfg = Release|Any CPU
		{5AB2C57C-38A0-40C5-9F38-3524EE9CD383}.Release|ARM.Build.0 = Release|Any CPU
		{5AB2C57C-38A0-40C5-9F38-3524EE9CD383}.Release|ARM.Deploy.0 = Release|Any CPU
		{5AB2C57C-38A0-40C5-9F38-3524EE9CD383}.Release|iPhone.ActiveCfg = Release|Any CPU
		{5AB2C57C-38A0-40C5-9F38-3524EE9CD383}.Release|iPhone.Build.0 = Release|Any CPU
		{5AB2C57C-38A0-40C5-9F38-3524EE9CD383}.Release|iPhone.Deploy.0 = Release|Any CPU
		{5AB2C57C-38A0-40C5-9F38-3524EE9CD383}.Release|iPhoneSimulator.ActiveCfg = Release|Any CPU
		{5AB2C57C-38A0-40C5-9F38-3524EE9CD383}.Release|iPhoneSimulator.Build.0 = Release|Any CPU
		{5AB2C57C-38A0-40C5-9F38-3524EE9CD383}.Release|iPhoneSimulator.Deploy.0 = Release|Any CPU
		{5AB2C57C-38A0-40C5-9F38-3524EE9CD383}.Release|x64.ActiveCfg = Release|Any CPU
		{5AB2C57C-38A0-40C5-9F38-3524EE9CD383}.Release|x64.Build.0 = Release|Any CPU
		{5AB2C57C-38A0-40C5-9F38-3524EE9CD383}.Release|x64.Deploy.0 = Release|Any CPU
		{5AB2C57C-38A0-40C5-9F38-3524EE9CD383}.Release|x86.ActiveCfg = Release|Any CPU
		{5AB2C57C-38A0-40C5-9F38-3524EE9CD383}.Release|x86.Build.0 = Release|Any CPU
		{5AB2C57C-38A0-40C5-9F38-3524EE9CD383}.Release|x86.Deploy.0 = Release|Any CPU
		{7A03CB64-316F-48E1-8301-359CDE4CAAA4}.Ad-Hoc|Any CPU.ActiveCfg = Ad-Hoc|iPhone
		{7A03CB64-316F-48E1-8301-359CDE4CAAA4}.Ad-Hoc|ARM.ActiveCfg = Ad-Hoc|iPhone
		{7A03CB64-316F-48E1-8301-359CDE4CAAA4}.Ad-Hoc|iPhone.ActiveCfg = Ad-Hoc|iPhone
		{7A03CB64-316F-48E1-8301-359CDE4CAAA4}.Ad-Hoc|iPhone.Build.0 = Ad-Hoc|iPhone
		{7A03CB64-316F-48E1-8301-359CDE4CAAA4}.Ad-Hoc|iPhoneSimulator.ActiveCfg = Ad-Hoc|iPhoneSimulator
		{7A03CB64-316F-48E1-8301-359CDE4CAAA4}.Ad-Hoc|iPhoneSimulator.Build.0 = Ad-Hoc|iPhoneSimulator
		{7A03CB64-316F-48E1-8301-359CDE4CAAA4}.Ad-Hoc|x64.ActiveCfg = Ad-Hoc|iPhone
		{7A03CB64-316F-48E1-8301-359CDE4CAAA4}.Ad-Hoc|x86.ActiveCfg = Ad-Hoc|iPhone
		{7A03CB64-316F-48E1-8301-359CDE4CAAA4}.AppStore|Any CPU.ActiveCfg = AppStore|iPhone
		{7A03CB64-316F-48E1-8301-359CDE4CAAA4}.AppStore|ARM.ActiveCfg = AppStore|iPhone
		{7A03CB64-316F-48E1-8301-359CDE4CAAA4}.AppStore|iPhone.ActiveCfg = AppStore|iPhone
		{7A03CB64-316F-48E1-8301-359CDE4CAAA4}.AppStore|iPhone.Build.0 = AppStore|iPhone
		{7A03CB64-316F-48E1-8301-359CDE4CAAA4}.AppStore|iPhoneSimulator.ActiveCfg = AppStore|iPhoneSimulator
		{7A03CB64-316F-48E1-8301-359CDE4CAAA4}.AppStore|iPhoneSimulator.Build.0 = AppStore|iPhoneSimulator
		{7A03CB64-316F-48E1-8301-359CDE4CAAA4}.AppStore|x64.ActiveCfg = AppStore|iPhone
		{7A03CB64-316F-48E1-8301-359CDE4CAAA4}.AppStore|x86.ActiveCfg = AppStore|iPhone
		{7A03CB64-316F-48E1-8301-359CDE4CAAA4}.Debug|Any CPU.ActiveCfg = Debug|iPhone
		{7A03CB64-316F-48E1-8301-359CDE4CAAA4}.Debug|ARM.ActiveCfg = Debug|iPhone
		{7A03CB64-316F-48E1-8301-359CDE4CAAA4}.Debug|iPhone.ActiveCfg = Debug|iPhone
		{7A03CB64-316F-48E1-8301-359CDE4CAAA4}.Debug|iPhone.Build.0 = Debug|iPhone
		{7A03CB64-316F-48E1-8301-359CDE4CAAA4}.Debug|iPhoneSimulator.ActiveCfg = Debug|iPhoneSimulator
		{7A03CB64-316F-48E1-8301-359CDE4CAAA4}.Debug|iPhoneSimulator.Build.0 = Debug|iPhoneSimulator
		{7A03CB64-316F-48E1-8301-359CDE4CAAA4}.Debug|x64.ActiveCfg = Debug|iPhone
		{7A03CB64-316F-48E1-8301-359CDE4CAAA4}.Debug|x86.ActiveCfg = Debug|iPhone
		{7A03CB64-316F-48E1-8301-359CDE4CAAA4}.Release|Any CPU.ActiveCfg = Release|iPhone
		{7A03CB64-316F-48E1-8301-359CDE4CAAA4}.Release|ARM.ActiveCfg = Release|iPhone
		{7A03CB64-316F-48E1-8301-359CDE4CAAA4}.Release|iPhone.ActiveCfg = Release|iPhone
		{7A03CB64-316F-48E1-8301-359CDE4CAAA4}.Release|iPhone.Build.0 = Release|iPhone
		{7A03CB64-316F-48E1-8301-359CDE4CAAA4}.Release|iPhoneSimulator.ActiveCfg = Release|iPhoneSimulator
		{7A03CB64-316F-48E1-8301-359CDE4CAAA4}.Release|iPhoneSimulator.Build.0 = Release|iPhoneSimulator
		{7A03CB64-316F-48E1-8301-359CDE4CAAA4}.Release|x64.ActiveCfg = Release|iPhone
		{7A03CB64-316F-48E1-8301-359CDE4CAAA4}.Release|x86.ActiveCfg = Release|iPhone
		{694C8891-F6E1-440C-9075-66D9BA686B3D}.Ad-Hoc|Any CPU.ActiveCfg = Release|Any CPU
		{694C8891-F6E1-440C-9075-66D9BA686B3D}.Ad-Hoc|Any CPU.Build.0 = Release|Any CPU
		{694C8891-F6E1-440C-9075-66D9BA686B3D}.Ad-Hoc|Any CPU.Deploy.0 = Release|Any CPU
		{694C8891-F6E1-440C-9075-66D9BA686B3D}.Ad-Hoc|ARM.ActiveCfg = Release|ARM
		{694C8891-F6E1-440C-9075-66D9BA686B3D}.Ad-Hoc|ARM.Build.0 = Release|ARM
		{694C8891-F6E1-440C-9075-66D9BA686B3D}.Ad-Hoc|ARM.Deploy.0 = Release|ARM
		{694C8891-F6E1-440C-9075-66D9BA686B3D}.Ad-Hoc|iPhone.ActiveCfg = Release|Any CPU
		{694C8891-F6E1-440C-9075-66D9BA686B3D}.Ad-Hoc|iPhone.Build.0 = Release|Any CPU
		{694C8891-F6E1-440C-9075-66D9BA686B3D}.Ad-Hoc|iPhone.Deploy.0 = Release|Any CPU
		{694C8891-F6E1-440C-9075-66D9BA686B3D}.Ad-Hoc|iPhoneSimulator.ActiveCfg = Release|Any CPU
		{694C8891-F6E1-440C-9075-66D9BA686B3D}.Ad-Hoc|iPhoneSimulator.Build.0 = Release|Any CPU
		{694C8891-F6E1-440C-9075-66D9BA686B3D}.Ad-Hoc|iPhoneSimulator.Deploy.0 = Release|Any CPU
		{694C8891-F6E1-440C-9075-66D9BA686B3D}.Ad-Hoc|x64.ActiveCfg = Release|Any CPU
		{694C8891-F6E1-440C-9075-66D9BA686B3D}.Ad-Hoc|x64.Build.0 = Release|Any CPU
		{694C8891-F6E1-440C-9075-66D9BA686B3D}.Ad-Hoc|x64.Deploy.0 = Release|Any CPU
		{694C8891-F6E1-440C-9075-66D9BA686B3D}.Ad-Hoc|x86.ActiveCfg = Release|x86
		{694C8891-F6E1-440C-9075-66D9BA686B3D}.Ad-Hoc|x86.Build.0 = Release|x86
		{694C8891-F6E1-440C-9075-66D9BA686B3D}.Ad-Hoc|x86.Deploy.0 = Release|x86
		{694C8891-F6E1-440C-9075-66D9BA686B3D}.AppStore|Any CPU.ActiveCfg = Release|Any CPU
		{694C8891-F6E1-440C-9075-66D9BA686B3D}.AppStore|Any CPU.Build.0 = Release|Any CPU
		{694C8891-F6E1-440C-9075-66D9BA686B3D}.AppStore|Any CPU.Deploy.0 = Release|Any CPU
		{694C8891-F6E1-440C-9075-66D9BA686B3D}.AppStore|ARM.ActiveCfg = Release|ARM
		{694C8891-F6E1-440C-9075-66D9BA686B3D}.AppStore|ARM.Build.0 = Release|ARM
		{694C8891-F6E1-440C-9075-66D9BA686B3D}.AppStore|ARM.Deploy.0 = Release|ARM
		{694C8891-F6E1-440C-9075-66D9BA686B3D}.AppStore|iPhone.ActiveCfg = Release|Any CPU
		{694C8891-F6E1-440C-9075-66D9BA686B3D}.AppStore|iPhone.Build.0 = Release|Any CPU
		{694C8891-F6E1-440C-9075-66D9BA686B3D}.AppStore|iPhone.Deploy.0 = Release|Any CPU
		{694C8891-F6E1-440C-9075-66D9BA686B3D}.AppStore|iPhoneSimulator.ActiveCfg = Release|Any CPU
		{694C8891-F6E1-440C-9075-66D9BA686B3D}.AppStore|iPhoneSimulator.Build.0 = Release|Any CPU
		{694C8891-F6E1-440C-9075-66D9BA686B3D}.AppStore|iPhoneSimulator.Deploy.0 = Release|Any CPU
		{694C8891-F6E1-440C-9075-66D9BA686B3D}.AppStore|x64.ActiveCfg = Release|Any CPU
		{694C8891-F6E1-440C-9075-66D9BA686B3D}.AppStore|x64.Build.0 = Release|Any CPU
		{694C8891-F6E1-440C-9075-66D9BA686B3D}.AppStore|x64.Deploy.0 = Release|Any CPU
		{694C8891-F6E1-440C-9075-66D9BA686B3D}.AppStore|x86.ActiveCfg = Release|x86
		{694C8891-F6E1-440C-9075-66D9BA686B3D}.AppStore|x86.Build.0 = Release|x86
		{694C8891-F6E1-440C-9075-66D9BA686B3D}.AppStore|x86.Deploy.0 = Release|x86
		{694C8891-F6E1-440C-9075-66D9BA686B3D}.Debug|Any CPU.ActiveCfg = Debug|Any CPU
		{694C8891-F6E1-440C-9075-66D9BA686B3D}.Debug|Any CPU.Build.0 = Debug|Any CPU
		{694C8891-F6E1-440C-9075-66D9BA686B3D}.Debug|Any CPU.Deploy.0 = Debug|Any CPU
		{694C8891-F6E1-440C-9075-66D9BA686B3D}.Debug|ARM.ActiveCfg = Debug|ARM
		{694C8891-F6E1-440C-9075-66D9BA686B3D}.Debug|ARM.Build.0 = Debug|ARM
		{694C8891-F6E1-440C-9075-66D9BA686B3D}.Debug|ARM.Deploy.0 = Debug|ARM
		{694C8891-F6E1-440C-9075-66D9BA686B3D}.Debug|iPhone.ActiveCfg = Debug|Any CPU
		{694C8891-F6E1-440C-9075-66D9BA686B3D}.Debug|iPhone.Build.0 = Debug|Any CPU
		{694C8891-F6E1-440C-9075-66D9BA686B3D}.Debug|iPhone.Deploy.0 = Debug|Any CPU
		{694C8891-F6E1-440C-9075-66D9BA686B3D}.Debug|iPhoneSimulator.ActiveCfg = Debug|Any CPU
		{694C8891-F6E1-440C-9075-66D9BA686B3D}.Debug|iPhoneSimulator.Build.0 = Debug|Any CPU
		{694C8891-F6E1-440C-9075-66D9BA686B3D}.Debug|iPhoneSimulator.Deploy.0 = Debug|Any CPU
		{694C8891-F6E1-440C-9075-66D9BA686B3D}.Debug|x64.ActiveCfg = Debug|Any CPU
		{694C8891-F6E1-440C-9075-66D9BA686B3D}.Debug|x64.Build.0 = Debug|Any CPU
		{694C8891-F6E1-440C-9075-66D9BA686B3D}.Debug|x64.Deploy.0 = Debug|Any CPU
		{694C8891-F6E1-440C-9075-66D9BA686B3D}.Debug|x86.ActiveCfg = Debug|x86
		{694C8891-F6E1-440C-9075-66D9BA686B3D}.Debug|x86.Build.0 = Debug|x86
		{694C8891-F6E1-440C-9075-66D9BA686B3D}.Debug|x86.Deploy.0 = Debug|x86
		{694C8891-F6E1-440C-9075-66D9BA686B3D}.Release|Any CPU.ActiveCfg = Release|Any CPU
		{694C8891-F6E1-440C-9075-66D9BA686B3D}.Release|Any CPU.Build.0 = Release|Any CPU
		{694C8891-F6E1-440C-9075-66D9BA686B3D}.Release|Any CPU.Deploy.0 = Release|Any CPU
		{694C8891-F6E1-440C-9075-66D9BA686B3D}.Release|ARM.ActiveCfg = Release|ARM
		{694C8891-F6E1-440C-9075-66D9BA686B3D}.Release|ARM.Build.0 = Release|ARM
		{694C8891-F6E1-440C-9075-66D9BA686B3D}.Release|ARM.Deploy.0 = Release|ARM
		{694C8891-F6E1-440C-9075-66D9BA686B3D}.Release|iPhone.ActiveCfg = Release|Any CPU
		{694C8891-F6E1-440C-9075-66D9BA686B3D}.Release|iPhone.Build.0 = Release|Any CPU
		{694C8891-F6E1-440C-9075-66D9BA686B3D}.Release|iPhone.Deploy.0 = Release|Any CPU
		{694C8891-F6E1-440C-9075-66D9BA686B3D}.Release|iPhoneSimulator.ActiveCfg = Release|Any CPU
		{694C8891-F6E1-440C-9075-66D9BA686B3D}.Release|iPhoneSimulator.Build.0 = Release|Any CPU
		{694C8891-F6E1-440C-9075-66D9BA686B3D}.Release|iPhoneSimulator.Deploy.0 = Release|Any CPU
		{694C8891-F6E1-440C-9075-66D9BA686B3D}.Release|x64.ActiveCfg = Release|Any CPU
		{694C8891-F6E1-440C-9075-66D9BA686B3D}.Release|x64.Build.0 = Release|Any CPU
		{694C8891-F6E1-440C-9075-66D9BA686B3D}.Release|x64.Deploy.0 = Release|Any CPU
		{694C8891-F6E1-440C-9075-66D9BA686B3D}.Release|x86.ActiveCfg = Release|x86
		{694C8891-F6E1-440C-9075-66D9BA686B3D}.Release|x86.Build.0 = Release|x86
		{694C8891-F6E1-440C-9075-66D9BA686B3D}.Release|x86.Deploy.0 = Release|x86
		{5FCE0F9D-5AC4-4A78-B55F-FD2724F5A356}.Ad-Hoc|Any CPU.ActiveCfg = Release|Any CPU
		{5FCE0F9D-5AC4-4A78-B55F-FD2724F5A356}.Ad-Hoc|Any CPU.Build.0 = Release|Any CPU
		{5FCE0F9D-5AC4-4A78-B55F-FD2724F5A356}.Ad-Hoc|Any CPU.Deploy.0 = Release|Any CPU
		{5FCE0F9D-5AC4-4A78-B55F-FD2724F5A356}.Ad-Hoc|ARM.ActiveCfg = Release|ARM
		{5FCE0F9D-5AC4-4A78-B55F-FD2724F5A356}.Ad-Hoc|ARM.Build.0 = Release|ARM
		{5FCE0F9D-5AC4-4A78-B55F-FD2724F5A356}.Ad-Hoc|ARM.Deploy.0 = Release|ARM
		{5FCE0F9D-5AC4-4A78-B55F-FD2724F5A356}.Ad-Hoc|iPhone.ActiveCfg = Release|Any CPU
		{5FCE0F9D-5AC4-4A78-B55F-FD2724F5A356}.Ad-Hoc|iPhone.Build.0 = Release|Any CPU
		{5FCE0F9D-5AC4-4A78-B55F-FD2724F5A356}.Ad-Hoc|iPhone.Deploy.0 = Release|Any CPU
		{5FCE0F9D-5AC4-4A78-B55F-FD2724F5A356}.Ad-Hoc|iPhoneSimulator.ActiveCfg = Release|Any CPU
		{5FCE0F9D-5AC4-4A78-B55F-FD2724F5A356}.Ad-Hoc|iPhoneSimulator.Build.0 = Release|Any CPU
		{5FCE0F9D-5AC4-4A78-B55F-FD2724F5A356}.Ad-Hoc|iPhoneSimulator.Deploy.0 = Release|Any CPU
		{5FCE0F9D-5AC4-4A78-B55F-FD2724F5A356}.Ad-Hoc|x64.ActiveCfg = Release|x64
		{5FCE0F9D-5AC4-4A78-B55F-FD2724F5A356}.Ad-Hoc|x64.Build.0 = Release|x64
		{5FCE0F9D-5AC4-4A78-B55F-FD2724F5A356}.Ad-Hoc|x64.Deploy.0 = Release|x64
		{5FCE0F9D-5AC4-4A78-B55F-FD2724F5A356}.Ad-Hoc|x86.ActiveCfg = Release|x86
		{5FCE0F9D-5AC4-4A78-B55F-FD2724F5A356}.Ad-Hoc|x86.Build.0 = Release|x86
		{5FCE0F9D-5AC4-4A78-B55F-FD2724F5A356}.Ad-Hoc|x86.Deploy.0 = Release|x86
		{5FCE0F9D-5AC4-4A78-B55F-FD2724F5A356}.AppStore|Any CPU.ActiveCfg = Release|Any CPU
		{5FCE0F9D-5AC4-4A78-B55F-FD2724F5A356}.AppStore|Any CPU.Build.0 = Release|Any CPU
		{5FCE0F9D-5AC4-4A78-B55F-FD2724F5A356}.AppStore|Any CPU.Deploy.0 = Release|Any CPU
		{5FCE0F9D-5AC4-4A78-B55F-FD2724F5A356}.AppStore|ARM.ActiveCfg = Release|ARM
		{5FCE0F9D-5AC4-4A78-B55F-FD2724F5A356}.AppStore|ARM.Build.0 = Release|ARM
		{5FCE0F9D-5AC4-4A78-B55F-FD2724F5A356}.AppStore|ARM.Deploy.0 = Release|ARM
		{5FCE0F9D-5AC4-4A78-B55F-FD2724F5A356}.AppStore|iPhone.ActiveCfg = Release|Any CPU
		{5FCE0F9D-5AC4-4A78-B55F-FD2724F5A356}.AppStore|iPhone.Build.0 = Release|Any CPU
		{5FCE0F9D-5AC4-4A78-B55F-FD2724F5A356}.AppStore|iPhone.Deploy.0 = Release|Any CPU
		{5FCE0F9D-5AC4-4A78-B55F-FD2724F5A356}.AppStore|iPhoneSimulator.ActiveCfg = Release|Any CPU
		{5FCE0F9D-5AC4-4A78-B55F-FD2724F5A356}.AppStore|iPhoneSimulator.Build.0 = Release|Any CPU
		{5FCE0F9D-5AC4-4A78-B55F-FD2724F5A356}.AppStore|iPhoneSimulator.Deploy.0 = Release|Any CPU
		{5FCE0F9D-5AC4-4A78-B55F-FD2724F5A356}.AppStore|x64.ActiveCfg = Release|x64
		{5FCE0F9D-5AC4-4A78-B55F-FD2724F5A356}.AppStore|x64.Build.0 = Release|x64
		{5FCE0F9D-5AC4-4A78-B55F-FD2724F5A356}.AppStore|x64.Deploy.0 = Release|x64
		{5FCE0F9D-5AC4-4A78-B55F-FD2724F5A356}.AppStore|x86.ActiveCfg = Release|x86
		{5FCE0F9D-5AC4-4A78-B55F-FD2724F5A356}.AppStore|x86.Build.0 = Release|x86
		{5FCE0F9D-5AC4-4A78-B55F-FD2724F5A356}.AppStore|x86.Deploy.0 = Release|x86
		{5FCE0F9D-5AC4-4A78-B55F-FD2724F5A356}.Debug|Any CPU.ActiveCfg = Debug|Any CPU
		{5FCE0F9D-5AC4-4A78-B55F-FD2724F5A356}.Debug|Any CPU.Build.0 = Debug|Any CPU
		{5FCE0F9D-5AC4-4A78-B55F-FD2724F5A356}.Debug|Any CPU.Deploy.0 = Debug|Any CPU
		{5FCE0F9D-5AC4-4A78-B55F-FD2724F5A356}.Debug|ARM.ActiveCfg = Debug|ARM
		{5FCE0F9D-5AC4-4A78-B55F-FD2724F5A356}.Debug|ARM.Build.0 = Debug|ARM
		{5FCE0F9D-5AC4-4A78-B55F-FD2724F5A356}.Debug|ARM.Deploy.0 = Debug|ARM
		{5FCE0F9D-5AC4-4A78-B55F-FD2724F5A356}.Debug|iPhone.ActiveCfg = Debug|Any CPU
		{5FCE0F9D-5AC4-4A78-B55F-FD2724F5A356}.Debug|iPhone.Build.0 = Debug|Any CPU
		{5FCE0F9D-5AC4-4A78-B55F-FD2724F5A356}.Debug|iPhone.Deploy.0 = Debug|Any CPU
		{5FCE0F9D-5AC4-4A78-B55F-FD2724F5A356}.Debug|iPhoneSimulator.ActiveCfg = Debug|Any CPU
		{5FCE0F9D-5AC4-4A78-B55F-FD2724F5A356}.Debug|iPhoneSimulator.Build.0 = Debug|Any CPU
		{5FCE0F9D-5AC4-4A78-B55F-FD2724F5A356}.Debug|iPhoneSimulator.Deploy.0 = Debug|Any CPU
		{5FCE0F9D-5AC4-4A78-B55F-FD2724F5A356}.Debug|x64.ActiveCfg = Debug|x64
		{5FCE0F9D-5AC4-4A78-B55F-FD2724F5A356}.Debug|x64.Build.0 = Debug|x64
		{5FCE0F9D-5AC4-4A78-B55F-FD2724F5A356}.Debug|x64.Deploy.0 = Debug|x64
		{5FCE0F9D-5AC4-4A78-B55F-FD2724F5A356}.Debug|x86.ActiveCfg = Debug|x86
		{5FCE0F9D-5AC4-4A78-B55F-FD2724F5A356}.Debug|x86.Build.0 = Debug|x86
		{5FCE0F9D-5AC4-4A78-B55F-FD2724F5A356}.Debug|x86.Deploy.0 = Debug|x86
		{5FCE0F9D-5AC4-4A78-B55F-FD2724F5A356}.Release|Any CPU.ActiveCfg = Release|Any CPU
		{5FCE0F9D-5AC4-4A78-B55F-FD2724F5A356}.Release|Any CPU.Build.0 = Release|Any CPU
		{5FCE0F9D-5AC4-4A78-B55F-FD2724F5A356}.Release|Any CPU.Deploy.0 = Release|Any CPU
		{5FCE0F9D-5AC4-4A78-B55F-FD2724F5A356}.Release|ARM.ActiveCfg = Release|ARM
		{5FCE0F9D-5AC4-4A78-B55F-FD2724F5A356}.Release|ARM.Build.0 = Release|ARM
		{5FCE0F9D-5AC4-4A78-B55F-FD2724F5A356}.Release|ARM.Deploy.0 = Release|ARM
		{5FCE0F9D-5AC4-4A78-B55F-FD2724F5A356}.Release|iPhone.ActiveCfg = Release|Any CPU
		{5FCE0F9D-5AC4-4A78-B55F-FD2724F5A356}.Release|iPhone.Build.0 = Release|Any CPU
		{5FCE0F9D-5AC4-4A78-B55F-FD2724F5A356}.Release|iPhone.Deploy.0 = Release|Any CPU
		{5FCE0F9D-5AC4-4A78-B55F-FD2724F5A356}.Release|iPhoneSimulator.ActiveCfg = Release|Any CPU
		{5FCE0F9D-5AC4-4A78-B55F-FD2724F5A356}.Release|iPhoneSimulator.Build.0 = Release|Any CPU
		{5FCE0F9D-5AC4-4A78-B55F-FD2724F5A356}.Release|iPhoneSimulator.Deploy.0 = Release|Any CPU
		{5FCE0F9D-5AC4-4A78-B55F-FD2724F5A356}.Release|x64.ActiveCfg = Release|x64
		{5FCE0F9D-5AC4-4A78-B55F-FD2724F5A356}.Release|x64.Build.0 = Release|x64
		{5FCE0F9D-5AC4-4A78-B55F-FD2724F5A356}.Release|x64.Deploy.0 = Release|x64
		{5FCE0F9D-5AC4-4A78-B55F-FD2724F5A356}.Release|x86.ActiveCfg = Release|x86
		{5FCE0F9D-5AC4-4A78-B55F-FD2724F5A356}.Release|x86.Build.0 = Release|x86
		{5FCE0F9D-5AC4-4A78-B55F-FD2724F5A356}.Release|x86.Deploy.0 = Release|x86
	EndGlobalSection
	GlobalSection(SolutionProperties) = preSolution
		HideSolutionNode = FALSE
	EndGlobalSection
EndGlobal
